PODS:
  - Alamofire (4.4.0)
  - Kanna (2.1.1)

DEPENDENCIES:
  - Alamofire (~> 4.4)
  - Kanna (~> 2.1.0)

SPEC CHECKSUMS:
  Alamofire: dc44b1600b800eb63da6a19039a0083d62a6a62d
  Kanna: 9b4b086c218703f2b94f5b21a466217dd2f9332e

PODFILE CHECKSUM: bb7120b3b7b313bcd3005fac92d9b189f0c14705

COCOAPODS: 1.0.1
